
Microsoft Visual Studio Solution File, Format Version 12.00
# Visual Studio 2013
VisualStudioVersion = 12.0.40629.0
MinimumVisualStudioVersion = 10.0.40219.1
Project("{FAE04EC0-301F-11D3-BF4B-00C04F79EFBC}") = "ADM2", "ADM2\ADM2.csproj", "{2A116834-CD99-4B68-B418-C0F051FD2FCD}"
EndProject
Global
	GlobalSection(SolutionConfigurationPlatforms) = preSolution
		Debug|Any CPU = Debug|Any CPU
		Homologacao|Any CPU = Homologacao|Any CPU
		Release|Any CPU = Release|Any CPU
	EndGlobalSection
	GlobalSection(ProjectConfigurationPlatforms) = postSolution
		{2A116834-CD99-4B68-B418-C0F051FD2FCD}.Debug|Any CPU.ActiveCfg = Debug|Any CPU
		{2A116834-CD99-4B68-B418-C0F051FD2FCD}.Debug|Any CPU.Build.0 = Debug|Any CPU
		{2A116834-CD99-4B68-B418-C0F051FD2FCD}.Homologacao|Any CPU.ActiveCfg = Homologacao|Any CPU
		{2A116834-CD99-4B68-B418-C0F051FD2FCD}.Homologacao|Any CPU.Build.0 = Homologacao|Any CPU
		{2A116834-CD99-4B68-B418-C0F051FD2FCD}.Release|Any CPU.ActiveCfg = Release|Any CPU
		{2A116834-CD99-4B68-B418-C0F051FD2FCD}.Release|Any CPU.Build.0 = Release|Any CPU
	EndGlobalSection
	GlobalSection(SolutionProperties) = preSolution
		HideSolutionNode = FALSE
	EndGlobalSection
	GlobalSection(ExtensibilityGlobals) = postSolution
		VisualSVNWorkingCopyRoot = .
	EndGlobalSection
EndGlobal
