
Microsoft Visual Studio Solution File, Format Version 12.00
# Visual Studio 14
VisualStudioVersion = 14.0.25123.0
MinimumVisualStudioVersion = 10.0.40219.1
Project("{FAE04EC0-301F-11D3-BF4B-00C04F79EFBC}") = "EmailSenderService", "EmailSenderService\EmailSenderService.csproj", "{E417014A-3310-489C-BAC0-B2BC0F40A9C9}"
EndProject
Global
	GlobalSection(SolutionConfigurationPlatforms) = preSolution
		Debug|Any CPU = Debug|Any CPU
		Homologacao|Any CPU = Homologacao|Any CPU
		Release|Any CPU = Release|Any CPU
	EndGlobalSection
	GlobalSection(ProjectConfigurationPlatforms) = postSolution
		{E417014A-3310-489C-BAC0-B2BC0F40A9C9}.Debug|Any CPU.ActiveCfg = Debug|Any CPU
		{E417014A-3310-489C-BAC0-B2BC0F40A9C9}.Debug|Any CPU.Build.0 = Debug|Any CPU
		{E417014A-3310-489C-BAC0-B2BC0F40A9C9}.Homologacao|Any CPU.ActiveCfg = Homologacao|Any CPU
		{E417014A-3310-489C-BAC0-B2BC0F40A9C9}.Homologacao|Any CPU.Build.0 = Homologacao|Any CPU
		{E417014A-3310-489C-BAC0-B2BC0F40A9C9}.Release|Any CPU.ActiveCfg = Release|Any CPU
		{E417014A-3310-489C-BAC0-B2BC0F40A9C9}.Release|Any CPU.Build.0 = Release|Any CPU
	EndGlobalSection
	GlobalSection(SolutionProperties) = preSolution
		HideSolutionNode = FALSE
	EndGlobalSection
	GlobalSection(ExtensibilityGlobals) = postSolution
		VisualSVNWorkingCopyRoot = .
	EndGlobalSection
EndGlobal
